<?xml version="1.0" encoding="utf-8"?>
<Project ToolsVersion="4.0" xmlns="http://schemas.microsoft.com/developer/msbuild/2003">
  <ItemGroup>
    <Filter Include="Shaders">
      <UniqueIdentifier>{f303e450-086c-4bbe-a10a-0b81608ce6ac}</UniqueIdentifier>
    </Filter>
    <Filter Include="Core">
      <UniqueIdentifier>{127d4699-3b65-4985-a93d-0e09f4b1ce6c}</UniqueIdentifier>
    </Filter>
    <Filter Include="Water">
      <UniqueIdentifier>{ea614a75-fdab-4fc3-9f6a-d78a9bde4234}</UniqueIdentifier>
    </Filter>
    <Filter Include="Heightmap">
      <UniqueIdentifier>{0cdccae1-54aa-44ee-a8a4-8ba014e1156d}</UniqueIdentifier>
    </Filter>
    <Filter Include="Utility">
      <UniqueIdentifier>{56b9e9c9-e5f6-49a5-be6e-f777d4683e6f}</UniqueIdentifier>
    </Filter>
    <Filter Include="Rendering">
      <UniqueIdentifier>{223280ea-5b32-4b4d-a337-1a7eb4017451}</UniqueIdentifier>
    </Filter>
    <Filter Include="Geometry">
      <UniqueIdentifier>{6937e8c0-9e79-4fbb-ac5f-af79298a0198}</UniqueIdentifier>
    </Filter>
    <Filter Include="Terrain">
      <UniqueIdentifier>{7aa06174-e1d0-4728-aa77-3f5c79254547}</UniqueIdentifier>
    </Filter>
    <Filter Include="Shaders\Terrain">
      <UniqueIdentifier>{7c057f97-1041-4492-93ae-e61fa20c97d8}</UniqueIdentifier>
    </Filter>
    <Filter Include="Shaders\Include">
      <UniqueIdentifier>{14c6cedd-4e54-463a-85f1-3843eb04202d}</UniqueIdentifier>
    </Filter>
    <Filter Include="Shaders\Compute">
      <UniqueIdentifier>{8a335592-4fbe-4f78-a722-170ce78737eb}</UniqueIdentifier>
    </Filter>
    <Filter Include="Shaders\Water">
      <UniqueIdentifier>{df3d322c-9282-458d-ab9a-c4e507be56dd}</UniqueIdentifier>
    </Filter>
  </ItemGroup>
  <ItemGroup>
    <ClCompile Include="Main.cpp">
      <Filter>Core</Filter>
    </ClCompile>
    <ClCompile Include="App1.cpp">
      <Filter>Core</Filter>
    </ClCompile>
    <ClCompile Include="BaseFullScreenShader.cpp">
      <Filter>Water</Filter>
    </ClCompile>
    <ClCompile Include="WaterShader.cpp">
      <Filter>Water</Filter>
    </ClCompile>
    <ClCompile Include="WritableTexture.cpp">
      <Filter>Utility</Filter>
    </ClCompile>
    <ClCompile Include="UnlitShader.cpp">
      <Filter>Rendering</Filter>
    </ClCompile>
    <ClCompile Include="TerrainShader.cpp">
      <Filter>Terrain</Filter>
    </ClCompile>
    <ClCompile Include="TerrainMesh.cpp">
      <Filter>Terrain</Filter>
    </ClCompile>
    <ClCompile Include="SerializationHelper.cpp">
      <Filter>Utility</Filter>
    </ClCompile>
    <ClCompile Include="RenderTarget.cpp">
      <Filter>Rendering</Filter>
    </ClCompile>
    <ClCompile Include="QuadMeshT.cpp">
      <Filter>Geometry</Filter>
    </ClCompile>
    <ClCompile Include="LineMesh.cpp">
      <Filter>Geometry</Filter>
    </ClCompile>
    <ClCompile Include="InstancedCubeMesh.cpp">
      <Filter>Geometry</Filter>
    </ClCompile>
    <ClCompile Include="CylinderMeshT.cpp">
      <Filter>Geometry</Filter>
    </ClCompile>
    <ClCompile Include="LightShader.cpp">
      <Filter>Rendering</Filter>
    </ClCompile>
    <ClCompile Include="InstanceShader.cpp">
      <Filter>Rendering</Filter>
    </ClCompile>
    <ClCompile Include="HeightmapFilters.cpp">
      <Filter>Heightmap</Filter>
    </ClCompile>
    <ClCompile Include="Heightmap.cpp">
      <Filter>Heightmap</Filter>
    </ClCompile>
    <ClCompile Include="BiomeGenerator.cpp">
      <Filter>Heightmap</Filter>
    </ClCompile>
  </ItemGroup>
  <ItemGroup>
    <ClInclude Include="App1.h">
      <Filter>Core</Filter>
    </ClInclude>
    <ClInclude Include="WaterShader.h">
      <Filter>Water</Filter>
    </ClInclude>
    <ClInclude Include="BaseFullScreenShader.h">
      <Filter>Water</Filter>
    </ClInclude>
    <ClInclude Include="BaseHeightmapFilter.h">
      <Filter>Heightmap</Filter>
    </ClInclude>
    <ClInclude Include="SerializationHelper.h">
      <Filter>Utility</Filter>
    </ClInclude>
    <ClInclude Include="Transform.h">
      <Filter>Utility</Filter>
    </ClInclude>
    <ClInclude Include="TerrainMesh.h">
      <Filter>Terrain</Filter>
    </ClInclude>
    <ClInclude Include="HeightmapFilters.h">
      <Filter>Heightmap</Filter>
    </ClInclude>
    <ClInclude Include="LightShader.h">
      <Filter>Rendering</Filter>
    </ClInclude>
    <ClInclude Include="InstanceShader.h">
      <Filter>Rendering</Filter>
    </ClInclude>
    <ClInclude Include="CylinderMeshT.h">
      <Filter>Geometry</Filter>
    </ClInclude>
    <ClInclude Include="InstancedCubeMesh.h">
      <Filter>Geometry</Filter>
    </ClInclude>
    <ClInclude Include="LineMesh.h">
      <Filter>Geometry</Filter>
    </ClInclude>
    <ClInclude Include="QuadMeshT.h">
      <Filter>Geometry</Filter>
    </ClInclude>
    <ClInclude Include="WritableTexture.h">
      <Filter>Utility</Filter>
    </ClInclude>
    <ClInclude Include="RenderTarget.h">
      <Filter>Rendering</Filter>
    </ClInclude>
    <ClInclude Include="TerrainShader.h">
      <Filter>Terrain</Filter>
    </ClInclude>
    <ClInclude Include="UnlitShader.h">
      <Filter>Rendering</Filter>
    </ClInclude>
    <ClInclude Include="Heightmap.h">
      <Filter>Heightmap</Filter>
    </ClInclude>
    <ClInclude Include="BiomeGenerator.h">
      <Filter>Heightmap</Filter>
    </ClInclude>
  </ItemGroup>
  <ItemGroup>
    <FxCompile Include="shaders\instance_ps.hlsl">
      <Filter>Shaders</Filter>
    </FxCompile>
    <FxCompile Include="shaders\instance_vs.hlsl">
      <Filter>Shaders</Filter>
    </FxCompile>
    <FxCompile Include="shaders\lighting_ps.hlsl">
      <Filter>Shaders</Filter>
    </FxCompile>
    <FxCompile Include="shaders\lighting_vs.hlsl">
      <Filter>Shaders</Filter>
    </FxCompile>
    <FxCompile Include="shaders\unlit_ps.hlsl">
      <Filter>Shaders</Filter>
    </FxCompile>
    <FxCompile Include="shaders\unlit_vs.hlsl">
      <Filter>Shaders</Filter>
    </FxCompile>
    <FxCompile Include="shaders\terrain_vs.hlsl">
      <Filter>Shaders\Terrain</Filter>
    </FxCompile>
    <FxCompile Include="shaders\terrain_ps.hlsl">
      <Filter>Shaders\Terrain</Filter>
    </FxCompile>
    <FxCompile Include="shaders\ridgeNoise_cs.hlsl">
      <Filter>Shaders\Compute</Filter>
    </FxCompile>
    <FxCompile Include="shaders\simpleNoise_cs.hlsl">
      <Filter>Shaders\Compute</Filter>
    </FxCompile>
    <FxCompile Include="shaders\terrainNoise_cs.hlsl">
      <Filter>Shaders\Compute</Filter>
    </FxCompile>
    <FxCompile Include="shaders\warpedSimpleNoise_cs.hlsl">
      <Filter>Shaders\Compute</Filter>
    </FxCompile>
    <FxCompile Include="shaders\water_ps.hlsl">
      <Filter>Shaders\Water</Filter>
    </FxCompile>
    <FxCompile Include="shaders\fullscreen_vs.hlsl">
      <Filter>Shaders\Water</Filter>
    </FxCompile>
    <FxCompile Include="Shaders\voronoiBiomes_cs.hlsl">
      <Filter>Shaders\Compute</Filter>
    </FxCompile>
  </ItemGroup>
  <ItemGroup>
    <None Include="shaders\math.hlsli">
      <Filter>Shaders\Include</Filter>
    </None>
    <None Include="shaders\noiseFunctions.hlsli">
      <Filter>Shaders\Include</Filter>
    </None>
    <None Include="shaders\noiseSimplex.hlsli">
      <Filter>Shaders\Include</Filter>
    </None>
  </ItemGroup>
</Project>